
Microsoft Visual Studio Solution File, Format Version 12.00
Project("{F2A71F9B-5D33-465A-A702-920D77279786}") = "chat", "chat\chat.fsproj", "{944EE6C3-C720-4BEA-9F09-87A1DD41E9CB}"
EndProject
Project("{F2A71F9B-5D33-465A-A702-920D77279786}") = "inno", "inno\inno.fsproj", "{592AA34F-20E6-484C-AE8D-D33FEC3B2A10}"
EndProject
Global
	GlobalSection(SolutionConfigurationPlatforms) = preSolution
		Debug|Any CPU = Debug|Any CPU
		Release|Any CPU = Release|Any CPU
	EndGlobalSection
	GlobalSection(ProjectConfigurationPlatforms) = postSolution
		{944EE6C3-C720-4BEA-9F09-87A1DD41E9CB}.Debug|Any CPU.ActiveCfg = Debug|Any CPU
		{944EE6C3-C720-4BEA-9F09-87A1DD41E9CB}.Debug|Any CPU.Build.0 = Debug|Any CPU
		{944EE6C3-C720-4BEA-9F09-87A1DD41E9CB}.Release|Any CPU.ActiveCfg = Release|Any CPU
		{944EE6C3-C720-4BEA-9F09-87A1DD41E9CB}.Release|Any CPU.Build.0 = Release|Any CPU
		{592AA34F-20E6-484C-AE8D-D33FEC3B2A10}.Debug|Any CPU.ActiveCfg = Debug|Any CPU
		{592AA34F-20E6-484C-AE8D-D33FEC3B2A10}.Debug|Any CPU.Build.0 = Debug|Any CPU
		{592AA34F-20E6-484C-AE8D-D33FEC3B2A10}.Release|Any CPU.ActiveCfg = Release|Any CPU
		{592AA34F-20E6-484C-AE8D-D33FEC3B2A10}.Release|Any CPU.Build.0 = Release|Any CPU
	EndGlobalSection
EndGlobal
