
Microsoft Visual Studio Solution File, Format Version 12.00
Project("{F2A71F9B-5D33-465A-A702-920D77279786}") = "Skillaz.SecureChat", "src\Skillaz.SecureChat.fsproj", "{944EE6C3-C720-4BEA-9F09-87A1DD41E9CB}"
EndProject
Project("{2150E333-8FDC-42A3-9474-1A3956D46DE8}") = "src", "src", "{00E428E4-3C51-4C6B-8DF8-1C1372EFD29D}"
EndProject
Project("{2150E333-8FDC-42A3-9474-1A3956D46DE8}") = "root", "root", "{D25CB71C-312B-486C-84E1-7F00BC9311E2}"
	ProjectSection(SolutionItems) = preProject
		.gitignore = .gitignore
		license.md = license.md
		logo.ico = logo.ico
		readme.md = readme.md
	EndProjectSection
EndProject
Global
	GlobalSection(SolutionConfigurationPlatforms) = preSolution
		Debug|Any CPU = Debug|Any CPU
		Release|Any CPU = Release|Any CPU
	EndGlobalSection
	GlobalSection(ProjectConfigurationPlatforms) = postSolution
		{944EE6C3-C720-4BEA-9F09-87A1DD41E9CB}.Debug|Any CPU.ActiveCfg = Debug|Any CPU
		{944EE6C3-C720-4BEA-9F09-87A1DD41E9CB}.Debug|Any CPU.Build.0 = Debug|Any CPU
		{944EE6C3-C720-4BEA-9F09-87A1DD41E9CB}.Release|Any CPU.ActiveCfg = Release|Any CPU
		{944EE6C3-C720-4BEA-9F09-87A1DD41E9CB}.Release|Any CPU.Build.0 = Release|Any CPU
	EndGlobalSection
	GlobalSection(NestedProjects) = preSolution
		{944EE6C3-C720-4BEA-9F09-87A1DD41E9CB} = {00E428E4-3C51-4C6B-8DF8-1C1372EFD29D}
	EndGlobalSection
EndGlobal
